
Microsoft Visual Studio Solution File, Format Version 11.00
# Visual Studio 2010
Project("{FAE04EC0-301F-11D3-BF4B-00C04F79EFBC}") = "Propern", "Propern\Propern.csproj", "{6B365966-1E0B-45E7-8999-A4A967AC936A}"
EndProject
Project("{FAE04EC0-301F-11D3-BF4B-00C04F79EFBC}") = "Propern.Specs", "Propern.Specs\Propern.Specs.csproj", "{AA94B320-F3C7-4F2F-B911-83ECA73E1A0D}"
EndProject
Project("{2150E333-8FDC-42A3-9474-1A3956D46DE8}") = "Solution Items", "Solution Items", "{87BA2F02-ECDF-42AB-BE75-09CA8DFFEAA3}"
	ProjectSection(SolutionItems) = preProject
		Local.testsettings = Local.testsettings
		Propern.vsmdi = Propern.vsmdi
		TraceAndTestImpact.testsettings = TraceAndTestImpact.testsettings
	EndProjectSection
EndProject
Global
	GlobalSection(TestCaseManagementSettings) = postSolution
		CategoryFile = Propern.vsmdi
	EndGlobalSection
	GlobalSection(SolutionConfigurationPlatforms) = preSolution
		Debug|Any CPU = Debug|Any CPU
		Release|Any CPU = Release|Any CPU
	EndGlobalSection
	GlobalSection(ProjectConfigurationPlatforms) = postSolution
		{6B365966-1E0B-45E7-8999-A4A967AC936A}.Debug|Any CPU.ActiveCfg = Debug|Any CPU
		{6B365966-1E0B-45E7-8999-A4A967AC936A}.Debug|Any CPU.Build.0 = Debug|Any CPU
		{6B365966-1E0B-45E7-8999-A4A967AC936A}.Release|Any CPU.ActiveCfg = Release|Any CPU
		{6B365966-1E0B-45E7-8999-A4A967AC936A}.Release|Any CPU.Build.0 = Release|Any CPU
		{AA94B320-F3C7-4F2F-B911-83ECA73E1A0D}.Debug|Any CPU.ActiveCfg = Debug|Any CPU
		{AA94B320-F3C7-4F2F-B911-83ECA73E1A0D}.Debug|Any CPU.Build.0 = Debug|Any CPU
		{AA94B320-F3C7-4F2F-B911-83ECA73E1A0D}.Release|Any CPU.ActiveCfg = Release|Any CPU
		{AA94B320-F3C7-4F2F-B911-83ECA73E1A0D}.Release|Any CPU.Build.0 = Release|Any CPU
	EndGlobalSection
	GlobalSection(SolutionProperties) = preSolution
		HideSolutionNode = FALSE
	EndGlobalSection
EndGlobal
